
Microsoft Visual Studio Solution File, Format Version 12.00
# Visual Studio Version 16
VisualStudioVersion = 16.0.29201.188
MinimumVisualStudioVersion = 10.0.40219.1
Project("{FAE04EC0-301F-11D3-BF4B-00C04F79EFBC}") = "WebAPIs", "WebAPIs\WebAPIs.csproj", "{8D8E93F4-2A5D-4011-AD52-F444263F5C44}"
EndProject
Global
	GlobalSection(SolutionConfigurationPlatforms) = preSolution
		Debug|Any CPU = Debug|Any CPU
		Release|Any CPU = Release|Any CPU
	EndGlobalSection
	GlobalSection(ProjectConfigurationPlatforms) = postSolution
		{8D8E93F4-2A5D-4011-AD52-F444263F5C44}.Debug|Any CPU.ActiveCfg = Debug|Any CPU
		{8D8E93F4-2A5D-4011-AD52-F444263F5C44}.Debug|Any CPU.Build.0 = Debug|Any CPU
		{8D8E93F4-2A5D-4011-AD52-F444263F5C44}.Release|Any CPU.ActiveCfg = Release|Any CPU
		{8D8E93F4-2A5D-4011-AD52-F444263F5C44}.Release|Any CPU.Build.0 = Release|Any CPU
	EndGlobalSection
	GlobalSection(SolutionProperties) = preSolution
		HideSolutionNode = FALSE
	EndGlobalSection
	GlobalSection(ExtensibilityGlobals) = postSolution
		SolutionGuid = {5D840960-4A82-4340-A154-83A1117F1B6A}
	EndGlobalSection
EndGlobal
